
Microsoft Visual Studio Solution File, Format Version 12.00
# Visual Studio Version 16
VisualStudioVersion = 16.0.29020.237
MinimumVisualStudioVersion = 10.0.40219.1
Project("{2150E333-8FDC-42A3-9474-1A3956D46DE8}") = "root", "root", "{30240E26-4B53-408E-88FB-6564480F9A41}"
	ProjectSection(SolutionItems) = preProject
		.gitattributes = .gitattributes
		.gitignore = .gitignore
		LICENSE = LICENSE
		readme.md = readme.md
	EndProjectSection
EndProject
Project("{9A19103F-16F7-4668-BE54-9A1E7A4F7556}") = "ToolCharging", "ToolCharging\ToolCharging.csproj", "{69A82DA2-17F2-4B6F-93C2-23E823477519}"
EndProject
Global
	GlobalSection(SolutionConfigurationPlatforms) = preSolution
		Debug|x86 = Debug|x86
		Release|x86 = Release|x86
	EndGlobalSection
	GlobalSection(ProjectConfigurationPlatforms) = postSolution
		{69A82DA2-17F2-4B6F-93C2-23E823477519}.Debug|x86.ActiveCfg = Debug|x86
		{69A82DA2-17F2-4B6F-93C2-23E823477519}.Debug|x86.Build.0 = Debug|x86
		{69A82DA2-17F2-4B6F-93C2-23E823477519}.Release|x86.ActiveCfg = Release|x86
		{69A82DA2-17F2-4B6F-93C2-23E823477519}.Release|x86.Build.0 = Release|x86
	EndGlobalSection
	GlobalSection(SolutionProperties) = preSolution
		HideSolutionNode = FALSE
	EndGlobalSection
	GlobalSection(ExtensibilityGlobals) = postSolution
		SolutionGuid = {C726D0E5-001B-4A16-9DF5-AEB9CC90682D}
	EndGlobalSection
EndGlobal
